// !$*UTF8*$!
{
	archiveVersion = 1;
	classes = {
	};
	objectVersion = 50;
	objects = {

/* Begin PBXBuildFile section */
		B7E3353D21F66AED003736BA /* AppDelegate.swift in Sources */ = {isa = PBXBuildFile; fileRef = B7E3353C21F66AED003736BA /* AppDelegate.swift */; };
		B7E3353F21F66AED003736BA /* PhotosViewController.swift in Sources */ = {isa = PBXBuildFile; fileRef = B7E3353E21F66AED003736BA /* PhotosViewController.swift */; };
		B7E3354221F66AED003736BA /* Main.storyboard in Resources */ = {isa = PBXBuildFile; fileRef = B7E3354021F66AED003736BA /* Main.storyboard */; };
		B7E3354421F66AEE003736BA /* Assets.xcassets in Resources */ = {isa = PBXBuildFile; fileRef = B7E3354321F66AEE003736BA /* Assets.xcassets */; };
		B7E3354721F66AEE003736BA /* LaunchScreen.storyboard in Resources */ = {isa = PBXBuildFile; fileRef = B7E3354521F66AEE003736BA /* LaunchScreen.storyboard */; };
		B7E3355221F66AEE003736BA /* PhotoramaTests.swift in Sources */ = {isa = PBXBuildFile; fileRef = B7E3355121F66AEE003736BA /* PhotoramaTests.swift */; };
		B7E3355D21F66AEE003736BA /* PhotoramaUITests.swift in Sources */ = {isa = PBXBuildFile; fileRef = B7E3355C21F66AEE003736BA /* PhotoramaUITests.swift */; };
		B7E3356B21F674DF003736BA /* FlickrApi.swift in Sources */ = {isa = PBXBuildFile; fileRef = B7E3356A21F674DF003736BA /* FlickrApi.swift */; };
		B7E3356D21F6865A003736BA /* PhotoStore.swift in Sources */ = {isa = PBXBuildFile; fileRef = B7E3356C21F6865A003736BA /* PhotoStore.swift */; };
		B7E3356F21F69624003736BA /* Photo.swift in Sources */ = {isa = PBXBuildFile; fileRef = B7E3356E21F69624003736BA /* Photo.swift */; };
/* End PBXBuildFile section */

/* Begin PBXContainerItemProxy section */
		B7E3354E21F66AEE003736BA /* PBXContainerItemProxy */ = {
			isa = PBXContainerItemProxy;
			containerPortal = B7E3353121F66AEC003736BA /* Project object */;
			proxyType = 1;
			remoteGlobalIDString = B7E3353821F66AED003736BA;
			remoteInfo = Photorama;
		};
		B7E3355921F66AEE003736BA /* PBXContainerItemProxy */ = {
			isa = PBXContainerItemProxy;
			containerPortal = B7E3353121F66AEC003736BA /* Project object */;
			proxyType = 1;
			remoteGlobalIDString = B7E3353821F66AED003736BA;
			remoteInfo = Photorama;
		};
/* End PBXContainerItemProxy section */

/* Begin PBXFileReference section */
		B7E3353921F66AED003736BA /* Photorama.app */ = {isa = PBXFileReference; explicitFileType = wrapper.application; includeInIndex = 0; path = Photorama.app; sourceTree = BUILT_PRODUCTS_DIR; };
		B7E3353C21F66AED003736BA /* AppDelegate.swift */ = {isa = PBXFileReference; lastKnownFileType = sourcecode.swift; path = AppDelegate.swift; sourceTree = "<group>"; };
		B7E3353E21F66AED003736BA /* PhotosViewController.swift */ = {isa = PBXFileReference; lastKnownFileType = sourcecode.swift; path = PhotosViewController.swift; sourceTree = "<group>"; };
		B7E3354121F66AED003736BA /* Base */ = {isa = PBXFileReference; lastKnownFileType = file.storyboard; name = Base; path = Base.lproj/Main.storyboard; sourceTree = "<group>"; };
		B7E3354321F66AEE003736BA /* Assets.xcassets */ = {isa = PBXFileReference; lastKnownFileType = folder.assetcatalog; path = Assets.xcassets; sourceTree = "<group>"; };
		B7E3354621F66AEE003736BA /* Base */ = {isa = PBXFileReference; lastKnownFileType = file.storyboard; name = Base; path = Base.lproj/LaunchScreen.storyboard; sourceTree = "<group>"; };
		B7E3354821F66AEE003736BA /* Info.plist */ = {isa = PBXFileReference; lastKnownFileType = text.plist.xml; path = Info.plist; sourceTree = "<group>"; };
		B7E3354D21F66AEE003736BA /* PhotoramaTests.xctest */ = {isa = PBXFileReference; explicitFileType = wrapper.cfbundle; includeInIndex = 0; path = PhotoramaTests.xctest; sourceTree = BUILT_PRODUCTS_DIR; };
		B7E3355121F66AEE003736BA /* PhotoramaTests.swift */ = {isa = PBXFileReference; lastKnownFileType = sourcecode.swift; path = PhotoramaTests.swift; sourceTree = "<group>"; };
		B7E3355321F66AEE003736BA /* Info.plist */ = {isa = PBXFileReference; lastKnownFileType = text.plist.xml; path = Info.plist; sourceTree = "<group>"; };
		B7E3355821F66AEE003736BA /* PhotoramaUITests.xctest */ = {isa = PBXFileReference; explicitFileType = wrapper.cfbundle; includeInIndex = 0; path = PhotoramaUITests.xctest; sourceTree = BUILT_PRODUCTS_DIR; };
		B7E3355C21F66AEE003736BA /* PhotoramaUITests.swift */ = {isa = PBXFileReference; lastKnownFileType = sourcecode.swift; path = PhotoramaUITests.swift; sourceTree = "<group>"; };
		B7E3355E21F66AEE003736BA /* Info.plist */ = {isa = PBXFileReference; lastKnownFileType = text.plist.xml; path = Info.plist; sourceTree = "<group>"; };
		B7E3356A21F674DF003736BA /* FlickrApi.swift */ = {isa = PBXFileReference; lastKnownFileType = sourcecode.swift; path = FlickrApi.swift; sourceTree = "<group>"; };
		B7E3356C21F6865A003736BA /* PhotoStore.swift */ = {isa = PBXFileReference; lastKnownFileType = sourcecode.swift; path = PhotoStore.swift; sourceTree = "<group>"; };
		B7E3356E21F69624003736BA /* Photo.swift */ = {isa = PBXFileReference; lastKnownFileType = sourcecode.swift; path = Photo.swift; sourceTree = "<group>"; };
/* End PBXFileReference section */

/* Begin PBXFrameworksBuildPhase section */
		B7E3353621F66AED003736BA /* Frameworks */ = {
			isa = PBXFrameworksBuildPhase;
			buildActionMask = 2147483647;
			files = (
			);
			runOnlyForDeploymentPostprocessing = 0;
		};
		B7E3354A21F66AEE003736BA /* Frameworks */ = {
			isa = PBXFrameworksBuildPhase;
			buildActionMask = 2147483647;
			files = (
			);
			runOnlyForDeploymentPostprocessing = 0;
		};
		B7E3355521F66AEE003736BA /* Frameworks */ = {
			isa = PBXFrameworksBuildPhase;
			buildActionMask = 2147483647;
			files = (
			);
			runOnlyForDeploymentPostprocessing = 0;
		};
/* End PBXFrameworksBuildPhase section */

/* Begin PBXGroup section */
		B7E3353021F66AEC003736BA = {
			isa = PBXGroup;
			children = (
				B7E3353B21F66AED003736BA /* Photorama */,
				B7E3355021F66AEE003736BA /* PhotoramaTests */,
				B7E3355B21F66AEE003736BA /* PhotoramaUITests */,
				B7E3353A21F66AED003736BA /* Products */,
			);
			sourceTree = "<group>";
		};
		B7E3353A21F66AED003736BA /* Products */ = {
			isa = PBXGroup;
			children = (
				B7E3353921F66AED003736BA /* Photorama.app */,
				B7E3354D21F66AEE003736BA /* PhotoramaTests.xctest */,
				B7E3355821F66AEE003736BA /* PhotoramaUITests.xctest */,
			);
			name = Products;
			sourceTree = "<group>";
		};
		B7E3353B21F66AED003736BA /* Photorama */ = {
			isa = PBXGroup;
			children = (
				B7E3353C21F66AED003736BA /* AppDelegate.swift */,
				B7E3353E21F66AED003736BA /* PhotosViewController.swift */,
				B7E3354021F66AED003736BA /* Main.storyboard */,
				B7E3356A21F674DF003736BA /* FlickrApi.swift */,
				B7E3356C21F6865A003736BA /* PhotoStore.swift */,
				B7E3356E21F69624003736BA /* Photo.swift */,
				B7E3354321F66AEE003736BA /* Assets.xcassets */,
				B7E3354521F66AEE003736BA /* LaunchScreen.storyboard */,
				B7E3354821F66AEE003736BA /* Info.plist */,
			);
			path = Photorama;
			sourceTree = "<group>";
		};
		B7E3355021F66AEE003736BA /* PhotoramaTests */ = {
			isa = PBXGroup;
			children = (
				B7E3355121F66AEE003736BA /* PhotoramaTests.swift */,
				B7E3355321F66AEE003736BA /* Info.plist */,
			);
			path = PhotoramaTests;
			sourceTree = "<group>";
		};
		B7E3355B21F66AEE003736BA /* PhotoramaUITests */ = {
			isa = PBXGroup;
			children = (
				B7E3355C21F66AEE003736BA /* PhotoramaUITests.swift */,
				B7E3355E21F66AEE003736BA /* Info.plist */,
			);
			path = PhotoramaUITests;
			sourceTree = "<group>";
		};
/* End PBXGroup section */

/* Begin PBXNativeTarget section */
		B7E3353821F66AED003736BA /* Photorama */ = {
			isa = PBXNativeTarget;
			buildConfigurationList = B7E3356121F66AEE003736BA /* Build configuration list for PBXNativeTarget "Photorama" */;
			buildPhases = (
				B7E3353521F66AED003736BA /* Sources */,
				B7E3353621F66AED003736BA /* Frameworks */,
				B7E3353721F66AED003736BA /* Resources */,
			);
			buildRules = (
			);
			dependencies = (
			);
			name = Photorama;
			productName = Photorama;
			productReference = B7E3353921F66AED003736BA /* Photorama.app */;
			productType = "com.apple.product-type.application";
		};
		B7E3354C21F66AEE003736BA /* PhotoramaTests */ = {
			isa = PBXNativeTarget;
			buildConfigurationList = B7E3356421F66AEE003736BA /* Build configuration list for PBXNativeTarget "PhotoramaTests" */;
			buildPhases = (
				B7E3354921F66AEE003736BA /* Sources */,
				B7E3354A21F66AEE003736BA /* Frameworks */,
				B7E3354B21F66AEE003736BA /* Resources */,
			);
			buildRules = (
			);
			dependencies = (
				B7E3354F21F66AEE003736BA /* PBXTargetDependency */,
			);
			name = PhotoramaTests;
			productName = PhotoramaTests;
			productReference = B7E3354D21F66AEE003736BA /* PhotoramaTests.xctest */;
			productType = "com.apple.product-type.bundle.unit-test";
		};
		B7E3355721F66AEE003736BA /* PhotoramaUITests */ = {
			isa = PBXNativeTarget;
			buildConfigurationList = B7E3356721F66AEE003736BA /* Build configuration list for PBXNativeTarget "PhotoramaUITests" */;
			buildPhases = (
				B7E3355421F66AEE003736BA /* Sources */,
				B7E3355521F66AEE003736BA /* Frameworks */,
				B7E3355621F66AEE003736BA /* Resources */,
			);
			buildRules = (
			);
			dependencies = (
				B7E3355A21F66AEE003736BA /* PBXTargetDependency */,
			);
			name = PhotoramaUITests;
			productName = PhotoramaUITests;
			productReference = B7E3355821F66AEE003736BA /* PhotoramaUITests.xctest */;
			productType = "com.apple.product-type.bundle.ui-testing";
		};
/* End PBXNativeTarget section */

/* Begin PBXProject section */
		B7E3353121F66AEC003736BA /* Project object */ = {
			isa = PBXProject;
			attributes = {
				LastSwiftUpdateCheck = 1010;
				LastUpgradeCheck = 1010;
				ORGANIZATIONNAME = "Sean Najera";
				TargetAttributes = {
					B7E3353821F66AED003736BA = {
						CreatedOnToolsVersion = 10.1;
					};
					B7E3354C21F66AEE003736BA = {
						CreatedOnToolsVersion = 10.1;
						TestTargetID = B7E3353821F66AED003736BA;
					};
					B7E3355721F66AEE003736BA = {
						CreatedOnToolsVersion = 10.1;
						TestTargetID = B7E3353821F66AED003736BA;
					};
				};
			};
			buildConfigurationList = B7E3353421F66AEC003736BA /* Build configuration list for PBXProject "Photorama" */;
			compatibilityVersion = "Xcode 9.3";
			developmentRegion = en;
			hasScannedForEncodings = 0;
			knownRegions = (
				en,
				Base,
			);
			mainGroup = B7E3353021F66AEC003736BA;
			productRefGroup = B7E3353A21F66AED003736BA /* Products */;
			projectDirPath = "";
			projectRoot = "";
			targets = (
				B7E3353821F66AED003736BA /* Photorama */,
				B7E3354C21F66AEE003736BA /* PhotoramaTests */,
				B7E3355721F66AEE003736BA /* PhotoramaUITests */,
			);
		};
/* End PBXProject section */

/* Begin PBXResourcesBuildPhase section */
		B7E3353721F66AED003736BA /* Resources */ = {
			isa = PBXResourcesBuildPhase;
			buildActionMask = 2147483647;
			files = (
				B7E3354721F66AEE003736BA /* LaunchScreen.storyboard in Resources */,
				B7E3354421F66AEE003736BA /* Assets.xcassets in Resources */,
				B7E3354221F66AED003736BA /* Main.storyboard in Resources */,
			);
			runOnlyForDeploymentPostprocessing = 0;
		};
		B7E3354B21F66AEE003736BA /* Resources */ = {
			isa = PBXResourcesBuildPhase;
			buildActionMask = 2147483647;
			files = (
			);
			runOnlyForDeploymentPostprocessing = 0;
		};
		B7E3355621F66AEE003736BA /* Resources */ = {
			isa = PBXResourcesBuildPhase;
			buildActionMask = 2147483647;
			files = (
			);
			runOnlyForDeploymentPostprocessing = 0;
		};
/* End PBXResourcesBuildPhase section */

/* Begin PBXSourcesBuildPhase section */
		B7E3353521F66AED003736BA /* Sources */ = {
			isa = PBXSourcesBuildPhase;
			buildActionMask = 2147483647;
			files = (
				B7E3353F21F66AED003736BA /* PhotosViewController.swift in Sources */,
				B7E3353D21F66AED003736BA /* AppDelegate.swift in Sources */,
				B7E3356D21F6865A003736BA /* PhotoStore.swift in Sources */,
				B7E3356B21F674DF003736BA /* FlickrApi.swift in Sources */,
				B7E3356F21F69624003736BA /* Photo.swift in Sources */,
			);
			runOnlyForDeploymentPostprocessing = 0;
		};
		B7E3354921F66AEE003736BA /* Sources */ = {
			isa = PBXSourcesBuildPhase;
			buildActionMask = 2147483647;
			files = (
				B7E3355221F66AEE003736BA /* PhotoramaTests.swift in Sources */,
			);
			runOnlyForDeploymentPostprocessing = 0;
		};
		B7E3355421F66AEE003736BA /* Sources */ = {
			isa = PBXSourcesBuildPhase;
			buildActionMask = 2147483647;
			files = (
				B7E3355D21F66AEE003736BA /* PhotoramaUITests.swift in Sources */,
			);
			runOnlyForDeploymentPostprocessing = 0;
		};
/* End PBXSourcesBuildPhase section */

/* Begin PBXTargetDependency section */
		B7E3354F21F66AEE003736BA /* PBXTargetDependency */ = {
			isa = PBXTargetDependency;
			target = B7E3353821F66AED003736BA /* Photorama */;
			targetProxy = B7E3354E21F66AEE003736BA /* PBXContainerItemProxy */;
		};
		B7E3355A21F66AEE003736BA /* PBXTargetDependency */ = {
			isa = PBXTargetDependency;
			target = B7E3353821F66AED003736BA /* Photorama */;
			targetProxy = B7E3355921F66AEE003736BA /* PBXContainerItemProxy */;
		};
/* End PBXTargetDependency section */

/* Begin PBXVariantGroup section */
		B7E3354021F66AED003736BA /* Main.storyboard */ = {
			isa = PBXVariantGroup;
			children = (
				B7E3354121F66AED003736BA /* Base */,
			);
			name = Main.storyboard;
			sourceTree = "<group>";
		};
		B7E3354521F66AEE003736BA /* LaunchScreen.storyboard */ = {
			isa = PBXVariantGroup;
			children = (
				B7E3354621F66AEE003736BA /* Base */,
			);
			name = LaunchScreen.storyboard;
			sourceTree = "<group>";
		};
/* End PBXVariantGroup section */

/* Begin XCBuildConfiguration section */
		B7E3355F21F66AEE003736BA /* Debug */ = {
			isa = XCBuildConfiguration;
			buildSettings = {
				ALWAYS_SEARCH_USER_PATHS = NO;
				CLANG_ANALYZER_NONNULL = YES;
				CLANG_ANALYZER_NUMBER_OBJECT_CONVERSION = YES_AGGRESSIVE;
				CLANG_CXX_LANGUAGE_STANDARD = "gnu++14";
				CLANG_CXX_LIBRARY = "libc++";
				CLANG_ENABLE_MODULES = YES;
				CLANG_ENABLE_OBJC_ARC = YES;
				CLANG_ENABLE_OBJC_WEAK = YES;
				CLANG_WARN_BLOCK_CAPTURE_AUTORELEASING = YES;
				CLANG_WARN_BOOL_CONVERSION = YES;
				CLANG_WARN_COMMA = YES;
				CLANG_WARN_CONSTANT_CONVERSION = YES;
				CLANG_WARN_DEPRECATED_OBJC_IMPLEMENTATIONS = YES;
				CLANG_WARN_DIRECT_OBJC_ISA_USAGE = YES_ERROR;
				CLANG_WARN_DOCUMENTATION_COMMENTS = YES;
				CLANG_WARN_EMPTY_BODY = YES;
				CLANG_WARN_ENUM_CONVERSION = YES;
				CLANG_WARN_INFINITE_RECURSION = YES;
				CLANG_WARN_INT_CONVERSION = YES;
				CLANG_WARN_NON_LITERAL_NULL_CONVERSION = YES;
				CLANG_WARN_OBJC_IMPLICIT_RETAIN_SELF = YES;
				CLANG_WARN_OBJC_LITERAL_CONVERSION = YES;
				CLANG_WARN_OBJC_ROOT_CLASS = YES_ERROR;
				CLANG_WARN_RANGE_LOOP_ANALYSIS = YES;
				CLANG_WARN_STRICT_PROTOTYPES = YES;
				CLANG_WARN_SUSPICIOUS_MOVE = YES;
				CLANG_WARN_UNGUARDED_AVAILABILITY = YES_AGGRESSIVE;
				CLANG_WARN_UNREACHABLE_CODE = YES;
				CLANG_WARN__DUPLICATE_METHOD_MATCH = YES;
				CODE_SIGN_IDENTITY = "iPhone Developer";
				COPY_PHASE_STRIP = NO;
				DEBUG_INFORMATION_FORMAT = dwarf;
				ENABLE_STRICT_OBJC_MSGSEND = YES;
				ENABLE_TESTABILITY = YES;
				GCC_C_LANGUAGE_STANDARD = gnu11;
				GCC_DYNAMIC_NO_PIC = NO;
				GCC_NO_COMMON_BLOCKS = YES;
				GCC_OPTIMIZATION_LEVEL = 0;
				GCC_PREPROCESSOR_DEFINITIONS = (
					"DEBUG=1",
					"$(inherited)",
				);
				GCC_WARN_64_TO_32_BIT_CONVERSION = YES;
				GCC_WARN_ABOUT_RETURN_TYPE = YES_ERROR;
				GCC_WARN_UNDECLARED_SELECTOR = YES;
				GCC_WARN_UNINITIALIZED_AUTOS = YES_AGGRESSIVE;
				GCC_WARN_UNUSED_FUNCTION = YES;
				GCC_WARN_UNUSED_VARIABLE = YES;
				IPHONEOS_DEPLOYMENT_TARGET = 12.1;
				MTL_ENABLE_DEBUG_INFO = INCLUDE_SOURCE;
				MTL_FAST_MATH = YES;
				ONLY_ACTIVE_ARCH = YES;
				SDKROOT = iphoneos;
				SWIFT_ACTIVE_COMPILATION_CONDITIONS = DEBUG;
				SWIFT_OPTIMIZATION_LEVEL = "-Onone";
			};
			name = Debug;
		};
		B7E3356021F66AEE003736BA /* Release */ = {
			isa = XCBuildConfiguration;
			buildSettings = {
				ALWAYS_SEARCH_USER_PATHS = NO;
				CLANG_ANALYZER_NONNULL = YES;
				CLANG_ANALYZER_NUMBER_OBJECT_CONVERSION = YES_AGGRESSIVE;
				CLANG_CXX_LANGUAGE_STANDARD = "gnu++14";
				CLANG_CXX_LIBRARY = "libc++";
				CLANG_ENABLE_MODULES = YES;
				CLANG_ENABLE_OBJC_ARC = YES;
				CLANG_ENABLE_OBJC_WEAK = YES;
				CLANG_WARN_BLOCK_CAPTURE_AUTORELEASING = YES;
				CLANG_WARN_BOOL_CONVERSION = YES;
				CLANG_WARN_COMMA = YES;
				CLANG_WARN_CONSTANT_CONVERSION = YES;
				CLANG_WARN_DEPRECATED_OBJC_IMPLEMENTATIONS = YES;
				CLANG_WARN_DIRECT_OBJC_ISA_USAGE = YES_ERROR;
				CLANG_WARN_DOCUMENTATION_COMMENTS = YES;
				CLANG_WARN_EMPTY_BODY = YES;
				CLANG_WARN_ENUM_CONVERSION = YES;
				CLANG_WARN_INFINITE_RECURSION = YES;
				CLANG_WARN_INT_CONVERSION = YES;
				CLANG_WARN_NON_LITERAL_NULL_CONVERSION = YES;
				CLANG_WARN_OBJC_IMPLICIT_RETAIN_SELF = YES;
				CLANG_WARN_OBJC_LITERAL_CONVERSION = YES;
				CLANG_WARN_OBJC_ROOT_CLASS = YES_ERROR;
				CLANG_WARN_RANGE_LOOP_ANALYSIS = YES;
				CLANG_WARN_STRICT_PROTOTYPES = YES;
				CLANG_WARN_SUSPICIOUS_MOVE = YES;
				CLANG_WARN_UNGUARDED_AVAILABILITY = YES_AGGRESSIVE;
				CLANG_WARN_UNREACHABLE_CODE = YES;
				CLANG_WARN__DUPLICATE_METHOD_MATCH = YES;
				CODE_SIGN_IDENTITY = "iPhone Developer";
				COPY_PHASE_STRIP = NO;
				DEBUG_INFORMATION_FORMAT = "dwarf-with-dsym";
				ENABLE_NS_ASSERTIONS = NO;
				ENABLE_STRICT_OBJC_MSGSEND = YES;
				GCC_C_LANGUAGE_STANDARD = gnu11;
				GCC_NO_COMMON_BLOCKS = YES;
				GCC_WARN_64_TO_32_BIT_CONVERSION = YES;
				GCC_WARN_ABOUT_RETURN_TYPE = YES_ERROR;
				GCC_WARN_UNDECLARED_SELECTOR = YES;
				GCC_WARN_UNINITIALIZED_AUTOS = YES_AGGRESSIVE;
				GCC_WARN_UNUSED_FUNCTION = YES;
				GCC_WARN_UNUSED_VARIABLE = YES;
				IPHONEOS_DEPLOYMENT_TARGET = 12.1;
				MTL_ENABLE_DEBUG_INFO = NO;
				MTL_FAST_MATH = YES;
				SDKROOT = iphoneos;
				SWIFT_COMPILATION_MODE = wholemodule;
				SWIFT_OPTIMIZATION_LEVEL = "-O";
				VALIDATE_PRODUCT = YES;
			};
			name = Release;
		};
		B7E3356221F66AEE003736BA /* Debug */ = {
			isa = XCBuildConfiguration;
			buildSettings = {
				ASSETCATALOG_COMPILER_APPICON_NAME = AppIcon;
				CODE_SIGN_STYLE = Automatic;
				DEVELOPMENT_TEAM = 6GDW23S6SR;
				INFOPLIST_FILE = Photorama/Info.plist;
				LD_RUNPATH_SEARCH_PATHS = (
					"$(inherited)",
					"@executable_path/Frameworks",
				);
				PRODUCT_BUNDLE_IDENTIFIER = com.seannajera.Photorama;
				PRODUCT_NAME = "$(TARGET_NAME)";
				SWIFT_VERSION = 4.2;
				TARGETED_DEVICE_FAMILY = "1,2";
			};
			name = Debug;
		};
		B7E3356321F66AEE003736BA /* Release */ = {
			isa = XCBuildConfiguration;
			buildSettings = {
				ASSETCATALOG_COMPILER_APPICON_NAME = AppIcon;
				CODE_SIGN_STYLE = Automatic;
				DEVELOPMENT_TEAM = 6GDW23S6SR;
				INFOPLIST_FILE = Photorama/Info.plist;
				LD_RUNPATH_SEARCH_PATHS = (
					"$(inherited)",
					"@executable_path/Frameworks",
				);
				PRODUCT_BUNDLE_IDENTIFIER = com.seannajera.Photorama;
				PRODUCT_NAME = "$(TARGET_NAME)";
				SWIFT_VERSION = 4.2;
				TARGETED_DEVICE_FAMILY = "1,2";
			};
			name = Release;
		};
		B7E3356521F66AEE003736BA /* Debug */ = {
			isa = XCBuildConfiguration;
			buildSettings = {
				ALWAYS_EMBED_SWIFT_STANDARD_LIBRARIES = YES;
				BUNDLE_LOADER = "$(TEST_HOST)";
				CODE_SIGN_STYLE = Automatic;
				DEVELOPMENT_TEAM = 6GDW23S6SR;
				INFOPLIST_FILE = PhotoramaTests/Info.plist;
				LD_RUNPATH_SEARCH_PATHS = (
					"$(inherited)",
					"@executable_path/Frameworks",
					"@loader_path/Frameworks",
				);
				PRODUCT_BUNDLE_IDENTIFIER = com.seannajera.PhotoramaTests;
				PRODUCT_NAME = "$(TARGET_NAME)";
				SWIFT_VERSION = 4.2;
				TARGETED_DEVICE_FAMILY = "1,2";
				TEST_HOST = "$(BUILT_PRODUCTS_DIR)/Photorama.app/Photorama";
			};
			name = Debug;
		};
		B7E3356621F66AEE003736BA /* Release */ = {
			isa = XCBuildConfiguration;
			buildSettings = {
				ALWAYS_EMBED_SWIFT_STANDARD_LIBRARIES = YES;
				BUNDLE_LOADER = "$(TEST_HOST)";
				CODE_SIGN_STYLE = Automatic;
				DEVELOPMENT_TEAM = 6GDW23S6SR;
				INFOPLIST_FILE = PhotoramaTests/Info.plist;
				LD_RUNPATH_SEARCH_PATHS = (
					"$(inherited)",
					"@executable_path/Frameworks",
					"@loader_path/Frameworks",
				);
				PRODUCT_BUNDLE_IDENTIFIER = com.seannajera.PhotoramaTests;
				PRODUCT_NAME = "$(TARGET_NAME)";
				SWIFT_VERSION = 4.2;
				TARGETED_DEVICE_FAMILY = "1,2";
				TEST_HOST = "$(BUILT_PRODUCTS_DIR)/Photorama.app/Photorama";
			};
			name = Release;
		};
		B7E3356821F66AEE003736BA /* Debug */ = {
			isa = XCBuildConfiguration;
			buildSettings = {
				ALWAYS_EMBED_SWIFT_STANDARD_LIBRARIES = YES;
				CODE_SIGN_STYLE = Automatic;
				DEVELOPMENT_TEAM = 6GDW23S6SR;
				INFOPLIST_FILE = PhotoramaUITests/Info.plist;
				LD_RUNPATH_SEARCH_PATHS = (
					"$(inherited)",
					"@executable_path/Frameworks",
					"@loader_path/Frameworks",
				);
				PRODUCT_BUNDLE_IDENTIFIER = com.seannajera.PhotoramaUITests;
				PRODUCT_NAME = "$(TARGET_NAME)";
				SWIFT_VERSION = 4.2;
				TARGETED_DEVICE_FAMILY = "1,2";
				TEST_TARGET_NAME = Photorama;
			};
			name = Debug;
		};
		B7E3356921F66AEE003736BA /* Release */ = {
			isa = XCBuildConfiguration;
			buildSettings = {
				ALWAYS_EMBED_SWIFT_STANDARD_LIBRARIES = YES;
				CODE_SIGN_STYLE = Automatic;
				DEVELOPMENT_TEAM = 6GDW23S6SR;
				INFOPLIST_FILE = PhotoramaUITests/Info.plist;
				LD_RUNPATH_SEARCH_PATHS = (
					"$(inherited)",
					"@executable_path/Frameworks",
					"@loader_path/Frameworks",
				);
				PRODUCT_BUNDLE_IDENTIFIER = com.seannajera.PhotoramaUITests;
				PRODUCT_NAME = "$(TARGET_NAME)";
				SWIFT_VERSION = 4.2;
				TARGETED_DEVICE_FAMILY = "1,2";
				TEST_TARGET_NAME = Photorama;
			};
			name = Release;
		};
/* End XCBuildConfiguration section */

/* Begin XCConfigurationList section */
		B7E3353421F66AEC003736BA /* Build configuration list for PBXProject "Photorama" */ = {
			isa = XCConfigurationList;
			buildConfigurations = (
				B7E3355F21F66AEE003736BA /* Debug */,
				B7E3356021F66AEE003736BA /* Release */,
			);
			defaultConfigurationIsVisible = 0;
			defaultConfigurationName = Release;
		};
		B7E3356121F66AEE003736BA /* Build configuration list for PBXNativeTarget "Photorama" */ = {
			isa = XCConfigurationList;
			buildConfigurations = (
				B7E3356221F66AEE003736BA /* Debug */,
				B7E3356321F66AEE003736BA /* Release */,
			);
			defaultConfigurationIsVisible = 0;
			defaultConfigurationName = Release;
		};
		B7E3356421F66AEE003736BA /* Build configuration list for PBXNativeTarget "PhotoramaTests" */ = {
			isa = XCConfigurationList;
			buildConfigurations = (
				B7E3356521F66AEE003736BA /* Debug */,
				B7E3356621F66AEE003736BA /* Release */,
			);
			defaultConfigurationIsVisible = 0;
			defaultConfigurationName = Release;
		};
		B7E3356721F66AEE003736BA /* Build configuration list for PBXNativeTarget "PhotoramaUITests" */ = {
			isa = XCConfigurationList;
			buildConfigurations = (
				B7E3356821F66AEE003736BA /* Debug */,
				B7E3356921F66AEE003736BA /* Release */,
			);
			defaultConfigurationIsVisible = 0;
			defaultConfigurationName = Release;
		};
/* End XCConfigurationList section */
	};
	rootObject = B7E3353121F66AEC003736BA /* Project object */;
}
