// !$*UTF8*$!
{
	archiveVersion = 1;
	classes = {
	};
	objectVersion = 50;
	objects = {

/* Begin PBXBuildFile section */
		6E45FB21F402193044111301 /* Pods_PhotoramaTests.framework in Frameworks */ = {isa = PBXBuildFile; fileRef = D0A5A630F9F18720555C65B0 /* Pods_PhotoramaTests.framework */; };
		84D03019196FF4CC3733FB95 /* Pods_Photorama.framework in Frameworks */ = {isa = PBXBuildFile; fileRef = 26BCB747FB3D8D68B836FBF9 /* Pods_Photorama.framework */; };
		B70B060221FE2F5D0096453F /* PhotosRepo.swift in Sources */ = {isa = PBXBuildFile; fileRef = B70B060121FE2F5D0096453F /* PhotosRepo.swift */; };
		B70B060621FE34650096453F /* PhotoramaApi.swift in Sources */ = {isa = PBXBuildFile; fileRef = B70B060521FE34650096453F /* PhotoramaApi.swift */; };
		B70B060821FE3EB70096453F /* Foto.swift in Sources */ = {isa = PBXBuildFile; fileRef = B70B060721FE3EB70096453F /* Foto.swift */; };
		B70B060F21FE6D450096453F /* PhotosListViewModel.swift in Sources */ = {isa = PBXBuildFile; fileRef = B70B060E21FE6D450096453F /* PhotosListViewModel.swift */; };
		B7887177231C34B1005D5A3E /* GeneratedMocks.swift in Sources */ = {isa = PBXBuildFile; fileRef = B7887176231C34B1005D5A3E /* GeneratedMocks.swift */; };
		B7887179231D0C61005D5A3E /* RealmManager.swift in Sources */ = {isa = PBXBuildFile; fileRef = B7887178231D0C61005D5A3E /* RealmManager.swift */; };
		B797C66921F93CB50058B165 /* Photorama.xcdatamodeld in Sources */ = {isa = PBXBuildFile; fileRef = B797C66721F93CB50058B165 /* Photorama.xcdatamodeld */; };
		B797C66C21F944150058B165 /* Photo+CoreDataClass.swift in Sources */ = {isa = PBXBuildFile; fileRef = B797C66A21F944150058B165 /* Photo+CoreDataClass.swift */; };
		B797C66D21F944150058B165 /* Photo+CoreDataProperties.swift in Sources */ = {isa = PBXBuildFile; fileRef = B797C66B21F944150058B165 /* Photo+CoreDataProperties.swift */; };
		B7D9DFD3231D1C25006F5384 /* Foto+Matchable.swift in Sources */ = {isa = PBXBuildFile; fileRef = B7D9DFD2231D1C25006F5384 /* Foto+Matchable.swift */; };
		B7D9DFD5231D289C006F5384 /* FotosProcessor.swift in Sources */ = {isa = PBXBuildFile; fileRef = B7D9DFD4231D289C006F5384 /* FotosProcessor.swift */; };
		B7E3353D21F66AED003736BA /* AppDelegate.swift in Sources */ = {isa = PBXBuildFile; fileRef = B7E3353C21F66AED003736BA /* AppDelegate.swift */; };
		B7E3353F21F66AED003736BA /* PhotosViewController.swift in Sources */ = {isa = PBXBuildFile; fileRef = B7E3353E21F66AED003736BA /* PhotosViewController.swift */; };
		B7E3354221F66AED003736BA /* Main.storyboard in Resources */ = {isa = PBXBuildFile; fileRef = B7E3354021F66AED003736BA /* Main.storyboard */; };
		B7E3354421F66AEE003736BA /* Assets.xcassets in Resources */ = {isa = PBXBuildFile; fileRef = B7E3354321F66AEE003736BA /* Assets.xcassets */; };
		B7E3354721F66AEE003736BA /* LaunchScreen.storyboard in Resources */ = {isa = PBXBuildFile; fileRef = B7E3354521F66AEE003736BA /* LaunchScreen.storyboard */; };
		B7E3355221F66AEE003736BA /* PhotosListViewModelTest.swift in Sources */ = {isa = PBXBuildFile; fileRef = B7E3355121F66AEE003736BA /* PhotosListViewModelTest.swift */; };
		B7E3357321F7FFDE003736BA /* PhotoCell.swift in Sources */ = {isa = PBXBuildFile; fileRef = B7E3357221F7FFDE003736BA /* PhotoCell.swift */; };
		B7E3357721F89284003736BA /* PhotoInfoViewController.swift in Sources */ = {isa = PBXBuildFile; fileRef = B7E3357621F89284003736BA /* PhotoInfoViewController.swift */; };
/* End PBXBuildFile section */

/* Begin PBXContainerItemProxy section */
		B7E3354E21F66AEE003736BA /* PBXContainerItemProxy */ = {
			isa = PBXContainerItemProxy;
			containerPortal = B7E3353121F66AEC003736BA /* Project object */;
			proxyType = 1;
			remoteGlobalIDString = B7E3353821F66AED003736BA;
			remoteInfo = Photorama;
		};
/* End PBXContainerItemProxy section */

/* Begin PBXFileReference section */
		26BCB747FB3D8D68B836FBF9 /* Pods_Photorama.framework */ = {isa = PBXFileReference; explicitFileType = wrapper.framework; includeInIndex = 0; path = Pods_Photorama.framework; sourceTree = BUILT_PRODUCTS_DIR; };
		3340BF02C5A84C4DD69C8574 /* Pods-Photorama.debug.xcconfig */ = {isa = PBXFileReference; includeInIndex = 1; lastKnownFileType = text.xcconfig; name = "Pods-Photorama.debug.xcconfig"; path = "Pods/Target Support Files/Pods-Photorama/Pods-Photorama.debug.xcconfig"; sourceTree = "<group>"; };
		86F4599CB78EDFF0BAAD0D0D /* Pods-PhotoramaTests.debug.xcconfig */ = {isa = PBXFileReference; includeInIndex = 1; lastKnownFileType = text.xcconfig; name = "Pods-PhotoramaTests.debug.xcconfig"; path = "Pods/Target Support Files/Pods-PhotoramaTests/Pods-PhotoramaTests.debug.xcconfig"; sourceTree = "<group>"; };
		98B4C589BD2203AF83F9066B /* Pods-PhotoramaTests.release.xcconfig */ = {isa = PBXFileReference; includeInIndex = 1; lastKnownFileType = text.xcconfig; name = "Pods-PhotoramaTests.release.xcconfig"; path = "Pods/Target Support Files/Pods-PhotoramaTests/Pods-PhotoramaTests.release.xcconfig"; sourceTree = "<group>"; };
		B70B060121FE2F5D0096453F /* PhotosRepo.swift */ = {isa = PBXFileReference; lastKnownFileType = sourcecode.swift; path = PhotosRepo.swift; sourceTree = "<group>"; };
		B70B060521FE34650096453F /* PhotoramaApi.swift */ = {isa = PBXFileReference; lastKnownFileType = sourcecode.swift; path = PhotoramaApi.swift; sourceTree = "<group>"; };
		B70B060721FE3EB70096453F /* Foto.swift */ = {isa = PBXFileReference; lastKnownFileType = sourcecode.swift; path = Foto.swift; sourceTree = "<group>"; };
		B70B060E21FE6D450096453F /* PhotosListViewModel.swift */ = {isa = PBXFileReference; lastKnownFileType = sourcecode.swift; path = PhotosListViewModel.swift; sourceTree = "<group>"; };
		B788716A231C1D00005D5A3E /* RxSwift.framework */ = {isa = PBXFileReference; explicitFileType = wrapper.framework; path = RxSwift.framework; sourceTree = BUILT_PRODUCTS_DIR; };
		B788716C231C1D1A005D5A3E /* RealmSwift.framework */ = {isa = PBXFileReference; explicitFileType = wrapper.framework; path = RealmSwift.framework; sourceTree = BUILT_PRODUCTS_DIR; };
		B788716E231C1D1E005D5A3E /* DeepDiff.framework */ = {isa = PBXFileReference; explicitFileType = wrapper.framework; path = DeepDiff.framework; sourceTree = BUILT_PRODUCTS_DIR; };
		B7887176231C34B1005D5A3E /* GeneratedMocks.swift */ = {isa = PBXFileReference; fileEncoding = 4; lastKnownFileType = sourcecode.swift; path = GeneratedMocks.swift; sourceTree = "<group>"; };
		B7887178231D0C61005D5A3E /* RealmManager.swift */ = {isa = PBXFileReference; lastKnownFileType = sourcecode.swift; path = RealmManager.swift; sourceTree = "<group>"; };
		B797C66821F93CB50058B165 /* Photorama.xcdatamodel */ = {isa = PBXFileReference; lastKnownFileType = wrapper.xcdatamodel; path = Photorama.xcdatamodel; sourceTree = "<group>"; };
		B797C66A21F944150058B165 /* Photo+CoreDataClass.swift */ = {isa = PBXFileReference; lastKnownFileType = sourcecode.swift; path = "Photo+CoreDataClass.swift"; sourceTree = "<group>"; };
		B797C66B21F944150058B165 /* Photo+CoreDataProperties.swift */ = {isa = PBXFileReference; lastKnownFileType = sourcecode.swift; path = "Photo+CoreDataProperties.swift"; sourceTree = "<group>"; };
		B7D9DFD2231D1C25006F5384 /* Foto+Matchable.swift */ = {isa = PBXFileReference; lastKnownFileType = sourcecode.swift; path = "Foto+Matchable.swift"; sourceTree = "<group>"; };
		B7D9DFD4231D289C006F5384 /* FotosProcessor.swift */ = {isa = PBXFileReference; lastKnownFileType = sourcecode.swift; path = FotosProcessor.swift; sourceTree = "<group>"; };
		B7E3353921F66AED003736BA /* Photorama.app */ = {isa = PBXFileReference; explicitFileType = wrapper.application; includeInIndex = 0; path = Photorama.app; sourceTree = BUILT_PRODUCTS_DIR; };
		B7E3353C21F66AED003736BA /* AppDelegate.swift */ = {isa = PBXFileReference; lastKnownFileType = sourcecode.swift; path = AppDelegate.swift; sourceTree = "<group>"; };
		B7E3353E21F66AED003736BA /* PhotosViewController.swift */ = {isa = PBXFileReference; lastKnownFileType = sourcecode.swift; path = PhotosViewController.swift; sourceTree = "<group>"; };
		B7E3354121F66AED003736BA /* Base */ = {isa = PBXFileReference; lastKnownFileType = file.storyboard; name = Base; path = Base.lproj/Main.storyboard; sourceTree = "<group>"; };
		B7E3354321F66AEE003736BA /* Assets.xcassets */ = {isa = PBXFileReference; lastKnownFileType = folder.assetcatalog; path = Assets.xcassets; sourceTree = "<group>"; };
		B7E3354621F66AEE003736BA /* Base */ = {isa = PBXFileReference; lastKnownFileType = file.storyboard; name = Base; path = Base.lproj/LaunchScreen.storyboard; sourceTree = "<group>"; };
		B7E3354821F66AEE003736BA /* Info.plist */ = {isa = PBXFileReference; lastKnownFileType = text.plist.xml; path = Info.plist; sourceTree = "<group>"; };
		B7E3354D21F66AEE003736BA /* PhotoramaTests.xctest */ = {isa = PBXFileReference; explicitFileType = wrapper.cfbundle; includeInIndex = 0; path = PhotoramaTests.xctest; sourceTree = BUILT_PRODUCTS_DIR; };
		B7E3355121F66AEE003736BA /* PhotosListViewModelTest.swift */ = {isa = PBXFileReference; lastKnownFileType = sourcecode.swift; path = PhotosListViewModelTest.swift; sourceTree = "<group>"; };
		B7E3355321F66AEE003736BA /* Info.plist */ = {isa = PBXFileReference; lastKnownFileType = text.plist.xml; path = Info.plist; sourceTree = "<group>"; };
		B7E3357221F7FFDE003736BA /* PhotoCell.swift */ = {isa = PBXFileReference; lastKnownFileType = sourcecode.swift; path = PhotoCell.swift; sourceTree = "<group>"; };
		B7E3357621F89284003736BA /* PhotoInfoViewController.swift */ = {isa = PBXFileReference; lastKnownFileType = sourcecode.swift; path = PhotoInfoViewController.swift; sourceTree = "<group>"; };
		CB2541E298B2F8102195BD8E /* Pods-Photorama.release.xcconfig */ = {isa = PBXFileReference; includeInIndex = 1; lastKnownFileType = text.xcconfig; name = "Pods-Photorama.release.xcconfig"; path = "Pods/Target Support Files/Pods-Photorama/Pods-Photorama.release.xcconfig"; sourceTree = "<group>"; };
		D0A5A630F9F18720555C65B0 /* Pods_PhotoramaTests.framework */ = {isa = PBXFileReference; explicitFileType = wrapper.framework; includeInIndex = 0; path = Pods_PhotoramaTests.framework; sourceTree = BUILT_PRODUCTS_DIR; };
/* End PBXFileReference section */

/* Begin PBXFrameworksBuildPhase section */
		B7E3353621F66AED003736BA /* Frameworks */ = {
			isa = PBXFrameworksBuildPhase;
			buildActionMask = 2147483647;
			files = (
				84D03019196FF4CC3733FB95 /* Pods_Photorama.framework in Frameworks */,
			);
			runOnlyForDeploymentPostprocessing = 0;
		};
		B7E3354A21F66AEE003736BA /* Frameworks */ = {
			isa = PBXFrameworksBuildPhase;
			buildActionMask = 2147483647;
			files = (
				6E45FB21F402193044111301 /* Pods_PhotoramaTests.framework in Frameworks */,
			);
			runOnlyForDeploymentPostprocessing = 0;
		};
/* End PBXFrameworksBuildPhase section */

/* Begin PBXGroup section */
		2A5498FF643BF5EFAE1B74E1 /* Pods */ = {
			isa = PBXGroup;
			children = (
				3340BF02C5A84C4DD69C8574 /* Pods-Photorama.debug.xcconfig */,
				CB2541E298B2F8102195BD8E /* Pods-Photorama.release.xcconfig */,
				86F4599CB78EDFF0BAAD0D0D /* Pods-PhotoramaTests.debug.xcconfig */,
				98B4C589BD2203AF83F9066B /* Pods-PhotoramaTests.release.xcconfig */,
			);
			name = Pods;
			sourceTree = "<group>";
		};
		565072A395B86268AC1D19A7 /* Frameworks */ = {
			isa = PBXGroup;
			children = (
				B788716E231C1D1E005D5A3E /* DeepDiff.framework */,
				B788716C231C1D1A005D5A3E /* RealmSwift.framework */,
				B788716A231C1D00005D5A3E /* RxSwift.framework */,
				26BCB747FB3D8D68B836FBF9 /* Pods_Photorama.framework */,
				D0A5A630F9F18720555C65B0 /* Pods_PhotoramaTests.framework */,
			);
			name = Frameworks;
			sourceTree = "<group>";
		};
		B70B060021FE2EDF0096453F /* Repository */ = {
			isa = PBXGroup;
			children = (
				B70B060121FE2F5D0096453F /* PhotosRepo.swift */,
				B70B060521FE34650096453F /* PhotoramaApi.swift */,
				B70B060721FE3EB70096453F /* Foto.swift */,
				B7887178231D0C61005D5A3E /* RealmManager.swift */,
				B7D9DFD4231D289C006F5384 /* FotosProcessor.swift */,
			);
			path = Repository;
			sourceTree = "<group>";
		};
		B70B060921FE6C6B0096453F /* PhotosList */ = {
			isa = PBXGroup;
			children = (
				B7E3357221F7FFDE003736BA /* PhotoCell.swift */,
				B7E3353E21F66AED003736BA /* PhotosViewController.swift */,
				B70B060E21FE6D450096453F /* PhotosListViewModel.swift */,
			);
			path = PhotosList;
			sourceTree = "<group>";
		};
		B70B060A21FE6CA30096453F /* PhotoDetail */ = {
			isa = PBXGroup;
			children = (
				B7E3357621F89284003736BA /* PhotoInfoViewController.swift */,
			);
			path = PhotoDetail;
			sourceTree = "<group>";
		};
		B70B060B21FE6CED0096453F /* View */ = {
			isa = PBXGroup;
			children = (
				B7E3354521F66AEE003736BA /* LaunchScreen.storyboard */,
				B7E3354021F66AED003736BA /* Main.storyboard */,
			);
			path = View;
			sourceTree = "<group>";
		};
		B7E3353021F66AEC003736BA = {
			isa = PBXGroup;
			children = (
				B797C66A21F944150058B165 /* Photo+CoreDataClass.swift */,
				B797C66B21F944150058B165 /* Photo+CoreDataProperties.swift */,
				B7E3353B21F66AED003736BA /* Photorama */,
				B7E3355021F66AEE003736BA /* PhotoramaTests */,
				B7E3353A21F66AED003736BA /* Products */,
				2A5498FF643BF5EFAE1B74E1 /* Pods */,
				565072A395B86268AC1D19A7 /* Frameworks */,
			);
			sourceTree = "<group>";
		};
		B7E3353A21F66AED003736BA /* Products */ = {
			isa = PBXGroup;
			children = (
				B7E3353921F66AED003736BA /* Photorama.app */,
				B7E3354D21F66AEE003736BA /* PhotoramaTests.xctest */,
			);
			name = Products;
			sourceTree = "<group>";
		};
		B7E3353B21F66AED003736BA /* Photorama */ = {
			isa = PBXGroup;
			children = (
				B70B060B21FE6CED0096453F /* View */,
				B70B060A21FE6CA30096453F /* PhotoDetail */,
				B70B060921FE6C6B0096453F /* PhotosList */,
				B70B060021FE2EDF0096453F /* Repository */,
				B7E3353C21F66AED003736BA /* AppDelegate.swift */,
				B7E3354321F66AEE003736BA /* Assets.xcassets */,
				B7E3354821F66AEE003736BA /* Info.plist */,
				B797C66721F93CB50058B165 /* Photorama.xcdatamodeld */,
			);
			path = Photorama;
			sourceTree = "<group>";
		};
		B7E3355021F66AEE003736BA /* PhotoramaTests */ = {
			isa = PBXGroup;
			children = (
				B7887176231C34B1005D5A3E /* GeneratedMocks.swift */,
				B7E3355121F66AEE003736BA /* PhotosListViewModelTest.swift */,
				B7E3355321F66AEE003736BA /* Info.plist */,
				B7D9DFD2231D1C25006F5384 /* Foto+Matchable.swift */,
			);
			path = PhotoramaTests;
			sourceTree = "<group>";
		};
/* End PBXGroup section */

/* Begin PBXNativeTarget section */
		B7E3353821F66AED003736BA /* Photorama */ = {
			isa = PBXNativeTarget;
			buildConfigurationList = B7E3356121F66AEE003736BA /* Build configuration list for PBXNativeTarget "Photorama" */;
			buildPhases = (
				3ADEFF9580A50AB9B589CCA4 /* [CP] Check Pods Manifest.lock */,
				B7E3353521F66AED003736BA /* Sources */,
				B7E3353621F66AED003736BA /* Frameworks */,
				B7E3353721F66AED003736BA /* Resources */,
				70DA65B8402A4C1CB40F18B7 /* [CP] Embed Pods Frameworks */,
			);
			buildRules = (
			);
			dependencies = (
			);
			name = Photorama;
			productName = Photorama;
			productReference = B7E3353921F66AED003736BA /* Photorama.app */;
			productType = "com.apple.product-type.application";
		};
		B7E3354C21F66AEE003736BA /* PhotoramaTests */ = {
			isa = PBXNativeTarget;
			buildConfigurationList = B7E3356421F66AEE003736BA /* Build configuration list for PBXNativeTarget "PhotoramaTests" */;
			buildPhases = (
				8655CD77796646361E47528F /* [CP] Check Pods Manifest.lock */,
				B7887175231C2F45005D5A3E /* ShellScript */,
				B7E3354921F66AEE003736BA /* Sources */,
				B7E3354A21F66AEE003736BA /* Frameworks */,
				B7E3354B21F66AEE003736BA /* Resources */,
				8BED16E6B2A0BE08A7D27FF7 /* [CP] Embed Pods Frameworks */,
			);
			buildRules = (
			);
			dependencies = (
				B7E3354F21F66AEE003736BA /* PBXTargetDependency */,
			);
			name = PhotoramaTests;
			productName = PhotoramaTests;
			productReference = B7E3354D21F66AEE003736BA /* PhotoramaTests.xctest */;
			productType = "com.apple.product-type.bundle.unit-test";
		};
/* End PBXNativeTarget section */

/* Begin PBXProject section */
		B7E3353121F66AEC003736BA /* Project object */ = {
			isa = PBXProject;
			attributes = {
				LastSwiftUpdateCheck = 1010;
				LastUpgradeCheck = 1010;
				ORGANIZATIONNAME = "Sean Najera";
				TargetAttributes = {
					B7E3353821F66AED003736BA = {
						CreatedOnToolsVersion = 10.1;
						LastSwiftMigration = 1030;
					};
					B7E3354C21F66AEE003736BA = {
						CreatedOnToolsVersion = 10.1;
						LastSwiftMigration = 1030;
						TestTargetID = B7E3353821F66AED003736BA;
					};
				};
			};
			buildConfigurationList = B7E3353421F66AEC003736BA /* Build configuration list for PBXProject "Photorama" */;
			compatibilityVersion = "Xcode 9.3";
			developmentRegion = en;
			hasScannedForEncodings = 0;
			knownRegions = (
				en,
				Base,
			);
			mainGroup = B7E3353021F66AEC003736BA;
			productRefGroup = B7E3353A21F66AED003736BA /* Products */;
			projectDirPath = "";
			projectRoot = "";
			targets = (
				B7E3353821F66AED003736BA /* Photorama */,
				B7E3354C21F66AEE003736BA /* PhotoramaTests */,
			);
		};
/* End PBXProject section */

/* Begin PBXResourcesBuildPhase section */
		B7E3353721F66AED003736BA /* Resources */ = {
			isa = PBXResourcesBuildPhase;
			buildActionMask = 2147483647;
			files = (
				B7E3354721F66AEE003736BA /* LaunchScreen.storyboard in Resources */,
				B7E3354421F66AEE003736BA /* Assets.xcassets in Resources */,
				B7E3354221F66AED003736BA /* Main.storyboard in Resources */,
			);
			runOnlyForDeploymentPostprocessing = 0;
		};
		B7E3354B21F66AEE003736BA /* Resources */ = {
			isa = PBXResourcesBuildPhase;
			buildActionMask = 2147483647;
			files = (
			);
			runOnlyForDeploymentPostprocessing = 0;
		};
/* End PBXResourcesBuildPhase section */

/* Begin PBXShellScriptBuildPhase section */
		3ADEFF9580A50AB9B589CCA4 /* [CP] Check Pods Manifest.lock */ = {
			isa = PBXShellScriptBuildPhase;
			buildActionMask = 2147483647;
			files = (
			);
			inputFileListPaths = (
			);
			inputPaths = (
				"${PODS_PODFILE_DIR_PATH}/Podfile.lock",
				"${PODS_ROOT}/Manifest.lock",
			);
			name = "[CP] Check Pods Manifest.lock";
			outputFileListPaths = (
			);
			outputPaths = (
				"$(DERIVED_FILE_DIR)/Pods-Photorama-checkManifestLockResult.txt",
			);
			runOnlyForDeploymentPostprocessing = 0;
			shellPath = /bin/sh;
			shellScript = "diff \"${PODS_PODFILE_DIR_PATH}/Podfile.lock\" \"${PODS_ROOT}/Manifest.lock\" > /dev/null\nif [ $? != 0 ] ; then\n    # print error to STDERR\n    echo \"error: The sandbox is not in sync with the Podfile.lock. Run 'pod install' or update your CocoaPods installation.\" >&2\n    exit 1\nfi\n# This output is used by Xcode 'outputs' to avoid re-running this script phase.\necho \"SUCCESS\" > \"${SCRIPT_OUTPUT_FILE_0}\"\n";
			showEnvVarsInLog = 0;
		};
		70DA65B8402A4C1CB40F18B7 /* [CP] Embed Pods Frameworks */ = {
			isa = PBXShellScriptBuildPhase;
			buildActionMask = 2147483647;
			files = (
			);
			inputFileListPaths = (
			);
			inputPaths = (
				"${SRCROOT}/Pods/Target Support Files/Pods-Photorama/Pods-Photorama-frameworks.sh",
				"${BUILT_PRODUCTS_DIR}/Alamofire/Alamofire.framework",
				"${BUILT_PRODUCTS_DIR}/AlamofireImage/AlamofireImage.framework",
				"${BUILT_PRODUCTS_DIR}/DeepDiff/DeepDiff.framework",
				"${BUILT_PRODUCTS_DIR}/Realm/Realm.framework",
				"${BUILT_PRODUCTS_DIR}/RealmSwift/RealmSwift.framework",
				"${BUILT_PRODUCTS_DIR}/RxAlamofire/RxAlamofire.framework",
				"${BUILT_PRODUCTS_DIR}/RxCocoa/RxCocoa.framework",
				"${BUILT_PRODUCTS_DIR}/RxRealm/RxRealm.framework",
				"${BUILT_PRODUCTS_DIR}/RxRelay/RxRelay.framework",
				"${BUILT_PRODUCTS_DIR}/RxSwift/RxSwift.framework",
			);
			name = "[CP] Embed Pods Frameworks";
			outputFileListPaths = (
			);
			outputPaths = (
				"${TARGET_BUILD_DIR}/${FRAMEWORKS_FOLDER_PATH}/Alamofire.framework",
				"${TARGET_BUILD_DIR}/${FRAMEWORKS_FOLDER_PATH}/AlamofireImage.framework",
				"${TARGET_BUILD_DIR}/${FRAMEWORKS_FOLDER_PATH}/DeepDiff.framework",
				"${TARGET_BUILD_DIR}/${FRAMEWORKS_FOLDER_PATH}/Realm.framework",
				"${TARGET_BUILD_DIR}/${FRAMEWORKS_FOLDER_PATH}/RealmSwift.framework",
				"${TARGET_BUILD_DIR}/${FRAMEWORKS_FOLDER_PATH}/RxAlamofire.framework",
				"${TARGET_BUILD_DIR}/${FRAMEWORKS_FOLDER_PATH}/RxCocoa.framework",
				"${TARGET_BUILD_DIR}/${FRAMEWORKS_FOLDER_PATH}/RxRealm.framework",
				"${TARGET_BUILD_DIR}/${FRAMEWORKS_FOLDER_PATH}/RxRelay.framework",
				"${TARGET_BUILD_DIR}/${FRAMEWORKS_FOLDER_PATH}/RxSwift.framework",
			);
			runOnlyForDeploymentPostprocessing = 0;
			shellPath = /bin/sh;
			shellScript = "\"${SRCROOT}/Pods/Target Support Files/Pods-Photorama/Pods-Photorama-frameworks.sh\"\n";
			showEnvVarsInLog = 0;
		};
		8655CD77796646361E47528F /* [CP] Check Pods Manifest.lock */ = {
			isa = PBXShellScriptBuildPhase;
			buildActionMask = 2147483647;
			files = (
			);
			inputFileListPaths = (
			);
			inputPaths = (
				"${PODS_PODFILE_DIR_PATH}/Podfile.lock",
				"${PODS_ROOT}/Manifest.lock",
			);
			name = "[CP] Check Pods Manifest.lock";
			outputFileListPaths = (
			);
			outputPaths = (
				"$(DERIVED_FILE_DIR)/Pods-PhotoramaTests-checkManifestLockResult.txt",
			);
			runOnlyForDeploymentPostprocessing = 0;
			shellPath = /bin/sh;
			shellScript = "diff \"${PODS_PODFILE_DIR_PATH}/Podfile.lock\" \"${PODS_ROOT}/Manifest.lock\" > /dev/null\nif [ $? != 0 ] ; then\n    # print error to STDERR\n    echo \"error: The sandbox is not in sync with the Podfile.lock. Run 'pod install' or update your CocoaPods installation.\" >&2\n    exit 1\nfi\n# This output is used by Xcode 'outputs' to avoid re-running this script phase.\necho \"SUCCESS\" > \"${SCRIPT_OUTPUT_FILE_0}\"\n";
			showEnvVarsInLog = 0;
		};
		8BED16E6B2A0BE08A7D27FF7 /* [CP] Embed Pods Frameworks */ = {
			isa = PBXShellScriptBuildPhase;
			buildActionMask = 2147483647;
			files = (
			);
			inputFileListPaths = (
			);
			inputPaths = (
				"${SRCROOT}/Pods/Target Support Files/Pods-PhotoramaTests/Pods-PhotoramaTests-frameworks.sh",
				"${BUILT_PRODUCTS_DIR}/RxSwift/RxSwift.framework",
				"${BUILT_PRODUCTS_DIR}/Cuckoo/Cuckoo.framework",
				"${BUILT_PRODUCTS_DIR}/RxBlocking/RxBlocking.framework",
				"${BUILT_PRODUCTS_DIR}/RxTest/RxTest.framework",
			);
			name = "[CP] Embed Pods Frameworks";
			outputFileListPaths = (
			);
			outputPaths = (
				"${TARGET_BUILD_DIR}/${FRAMEWORKS_FOLDER_PATH}/RxSwift.framework",
				"${TARGET_BUILD_DIR}/${FRAMEWORKS_FOLDER_PATH}/Cuckoo.framework",
				"${TARGET_BUILD_DIR}/${FRAMEWORKS_FOLDER_PATH}/RxBlocking.framework",
				"${TARGET_BUILD_DIR}/${FRAMEWORKS_FOLDER_PATH}/RxTest.framework",
			);
			runOnlyForDeploymentPostprocessing = 0;
			shellPath = /bin/sh;
			shellScript = "\"${SRCROOT}/Pods/Target Support Files/Pods-PhotoramaTests/Pods-PhotoramaTests-frameworks.sh\"\n";
			showEnvVarsInLog = 0;
		};
		B7887175231C2F45005D5A3E /* ShellScript */ = {
			isa = PBXShellScriptBuildPhase;
			buildActionMask = 12;
			files = (
			);
			inputFileListPaths = (
			);
			inputPaths = (
			);
			outputFileListPaths = (
			);
			outputPaths = (
			);
			runOnlyForDeploymentPostprocessing = 0;
			shellPath = /bin/sh;
			shellScript = "# Define output file. Change \"${PROJECT_DIR}/${PROJECT_NAME}Tests\" to your test's root source folder, if it's not the default name.\nOUTPUT_FILE=\"${PROJECT_DIR}/${PROJECT_NAME}Tests/GeneratedMocks.swift\"\necho \"Generated Mocks File = ${OUTPUT_FILE}\"\n\n# Define input directory. Change \"${PROJECT_DIR}/${PROJECT_NAME}\" to your project's root source folder, if it's not the default name.\nINPUT_DIR=\"${PROJECT_DIR}/${PROJECT_NAME}\"\necho \"Mocks Input Directory = ${INPUT_DIR}\"\n\n# Generate mock files, include as many input files as you'd like to create mocks for.\n\"${PODS_ROOT}/Cuckoo/run\" generate --testable \"${PROJECT_NAME}\" \\\n--output \"${OUTPUT_FILE}\" \\\n\"${INPUT_DIR}/Repository/PhotosRepo.swift\" \\\n\"${INPUT_DIR}/Repository/RealmManager.swift\"\n# ... and so forth, the last line should never end with a backslash\n\n# After running once, locate `GeneratedMocks.swift` and drag it into your Xcode test target group.\n";
		};
/* End PBXShellScriptBuildPhase section */

/* Begin PBXSourcesBuildPhase section */
		B7E3353521F66AED003736BA /* Sources */ = {
			isa = PBXSourcesBuildPhase;
			buildActionMask = 2147483647;
			files = (
				B797C66C21F944150058B165 /* Photo+CoreDataClass.swift in Sources */,
				B7D9DFD5231D289C006F5384 /* FotosProcessor.swift in Sources */,
				B70B060F21FE6D450096453F /* PhotosListViewModel.swift in Sources */,
				B70B060821FE3EB70096453F /* Foto.swift in Sources */,
				B7E3353F21F66AED003736BA /* PhotosViewController.swift in Sources */,
				B70B060221FE2F5D0096453F /* PhotosRepo.swift in Sources */,
				B7887179231D0C61005D5A3E /* RealmManager.swift in Sources */,
				B7E3353D21F66AED003736BA /* AppDelegate.swift in Sources */,
				B797C66921F93CB50058B165 /* Photorama.xcdatamodeld in Sources */,
				B7E3357321F7FFDE003736BA /* PhotoCell.swift in Sources */,
				B70B060621FE34650096453F /* PhotoramaApi.swift in Sources */,
				B797C66D21F944150058B165 /* Photo+CoreDataProperties.swift in Sources */,
				B7E3357721F89284003736BA /* PhotoInfoViewController.swift in Sources */,
			);
			runOnlyForDeploymentPostprocessing = 0;
		};
		B7E3354921F66AEE003736BA /* Sources */ = {
			isa = PBXSourcesBuildPhase;
			buildActionMask = 2147483647;
			files = (
				B7E3355221F66AEE003736BA /* PhotosListViewModelTest.swift in Sources */,
				B7887177231C34B1005D5A3E /* GeneratedMocks.swift in Sources */,
				B7D9DFD3231D1C25006F5384 /* Foto+Matchable.swift in Sources */,
			);
			runOnlyForDeploymentPostprocessing = 0;
		};
/* End PBXSourcesBuildPhase section */

/* Begin PBXTargetDependency section */
		B7E3354F21F66AEE003736BA /* PBXTargetDependency */ = {
			isa = PBXTargetDependency;
			target = B7E3353821F66AED003736BA /* Photorama */;
			targetProxy = B7E3354E21F66AEE003736BA /* PBXContainerItemProxy */;
		};
/* End PBXTargetDependency section */

/* Begin PBXVariantGroup section */
		B7E3354021F66AED003736BA /* Main.storyboard */ = {
			isa = PBXVariantGroup;
			children = (
				B7E3354121F66AED003736BA /* Base */,
			);
			name = Main.storyboard;
			sourceTree = "<group>";
		};
		B7E3354521F66AEE003736BA /* LaunchScreen.storyboard */ = {
			isa = PBXVariantGroup;
			children = (
				B7E3354621F66AEE003736BA /* Base */,
			);
			name = LaunchScreen.storyboard;
			sourceTree = "<group>";
		};
/* End PBXVariantGroup section */

/* Begin XCBuildConfiguration section */
		B7E3355F21F66AEE003736BA /* Debug */ = {
			isa = XCBuildConfiguration;
			buildSettings = {
				ALWAYS_SEARCH_USER_PATHS = NO;
				CLANG_ANALYZER_NONNULL = YES;
				CLANG_ANALYZER_NUMBER_OBJECT_CONVERSION = YES_AGGRESSIVE;
				CLANG_CXX_LANGUAGE_STANDARD = "gnu++14";
				CLANG_CXX_LIBRARY = "libc++";
				CLANG_ENABLE_MODULES = YES;
				CLANG_ENABLE_OBJC_ARC = YES;
				CLANG_ENABLE_OBJC_WEAK = YES;
				CLANG_WARN_BLOCK_CAPTURE_AUTORELEASING = YES;
				CLANG_WARN_BOOL_CONVERSION = YES;
				CLANG_WARN_COMMA = YES;
				CLANG_WARN_CONSTANT_CONVERSION = YES;
				CLANG_WARN_DEPRECATED_OBJC_IMPLEMENTATIONS = YES;
				CLANG_WARN_DIRECT_OBJC_ISA_USAGE = YES_ERROR;
				CLANG_WARN_DOCUMENTATION_COMMENTS = YES;
				CLANG_WARN_EMPTY_BODY = YES;
				CLANG_WARN_ENUM_CONVERSION = YES;
				CLANG_WARN_INFINITE_RECURSION = YES;
				CLANG_WARN_INT_CONVERSION = YES;
				CLANG_WARN_NON_LITERAL_NULL_CONVERSION = YES;
				CLANG_WARN_OBJC_IMPLICIT_RETAIN_SELF = YES;
				CLANG_WARN_OBJC_LITERAL_CONVERSION = YES;
				CLANG_WARN_OBJC_ROOT_CLASS = YES_ERROR;
				CLANG_WARN_RANGE_LOOP_ANALYSIS = YES;
				CLANG_WARN_STRICT_PROTOTYPES = YES;
				CLANG_WARN_SUSPICIOUS_MOVE = YES;
				CLANG_WARN_UNGUARDED_AVAILABILITY = YES_AGGRESSIVE;
				CLANG_WARN_UNREACHABLE_CODE = YES;
				CLANG_WARN__DUPLICATE_METHOD_MATCH = YES;
				CODE_SIGN_IDENTITY = "iPhone Developer";
				COPY_PHASE_STRIP = NO;
				DEBUG_INFORMATION_FORMAT = dwarf;
				ENABLE_STRICT_OBJC_MSGSEND = YES;
				ENABLE_TESTABILITY = YES;
				GCC_C_LANGUAGE_STANDARD = gnu11;
				GCC_DYNAMIC_NO_PIC = NO;
				GCC_NO_COMMON_BLOCKS = YES;
				GCC_OPTIMIZATION_LEVEL = 0;
				GCC_PREPROCESSOR_DEFINITIONS = (
					"DEBUG=1",
					"$(inherited)",
				);
				GCC_WARN_64_TO_32_BIT_CONVERSION = YES;
				GCC_WARN_ABOUT_RETURN_TYPE = YES_ERROR;
				GCC_WARN_UNDECLARED_SELECTOR = YES;
				GCC_WARN_UNINITIALIZED_AUTOS = YES_AGGRESSIVE;
				GCC_WARN_UNUSED_FUNCTION = YES;
				GCC_WARN_UNUSED_VARIABLE = YES;
				IPHONEOS_DEPLOYMENT_TARGET = 12.1;
				MTL_ENABLE_DEBUG_INFO = INCLUDE_SOURCE;
				MTL_FAST_MATH = YES;
				ONLY_ACTIVE_ARCH = YES;
				SDKROOT = iphoneos;
				SWIFT_ACTIVE_COMPILATION_CONDITIONS = DEBUG;
				SWIFT_OPTIMIZATION_LEVEL = "-Onone";
			};
			name = Debug;
		};
		B7E3356021F66AEE003736BA /* Release */ = {
			isa = XCBuildConfiguration;
			buildSettings = {
				ALWAYS_SEARCH_USER_PATHS = NO;
				CLANG_ANALYZER_NONNULL = YES;
				CLANG_ANALYZER_NUMBER_OBJECT_CONVERSION = YES_AGGRESSIVE;
				CLANG_CXX_LANGUAGE_STANDARD = "gnu++14";
				CLANG_CXX_LIBRARY = "libc++";
				CLANG_ENABLE_MODULES = YES;
				CLANG_ENABLE_OBJC_ARC = YES;
				CLANG_ENABLE_OBJC_WEAK = YES;
				CLANG_WARN_BLOCK_CAPTURE_AUTORELEASING = YES;
				CLANG_WARN_BOOL_CONVERSION = YES;
				CLANG_WARN_COMMA = YES;
				CLANG_WARN_CONSTANT_CONVERSION = YES;
				CLANG_WARN_DEPRECATED_OBJC_IMPLEMENTATIONS = YES;
				CLANG_WARN_DIRECT_OBJC_ISA_USAGE = YES_ERROR;
				CLANG_WARN_DOCUMENTATION_COMMENTS = YES;
				CLANG_WARN_EMPTY_BODY = YES;
				CLANG_WARN_ENUM_CONVERSION = YES;
				CLANG_WARN_INFINITE_RECURSION = YES;
				CLANG_WARN_INT_CONVERSION = YES;
				CLANG_WARN_NON_LITERAL_NULL_CONVERSION = YES;
				CLANG_WARN_OBJC_IMPLICIT_RETAIN_SELF = YES;
				CLANG_WARN_OBJC_LITERAL_CONVERSION = YES;
				CLANG_WARN_OBJC_ROOT_CLASS = YES_ERROR;
				CLANG_WARN_RANGE_LOOP_ANALYSIS = YES;
				CLANG_WARN_STRICT_PROTOTYPES = YES;
				CLANG_WARN_SUSPICIOUS_MOVE = YES;
				CLANG_WARN_UNGUARDED_AVAILABILITY = YES_AGGRESSIVE;
				CLANG_WARN_UNREACHABLE_CODE = YES;
				CLANG_WARN__DUPLICATE_METHOD_MATCH = YES;
				CODE_SIGN_IDENTITY = "iPhone Developer";
				COPY_PHASE_STRIP = NO;
				DEBUG_INFORMATION_FORMAT = "dwarf-with-dsym";
				ENABLE_NS_ASSERTIONS = NO;
				ENABLE_STRICT_OBJC_MSGSEND = YES;
				GCC_C_LANGUAGE_STANDARD = gnu11;
				GCC_NO_COMMON_BLOCKS = YES;
				GCC_WARN_64_TO_32_BIT_CONVERSION = YES;
				GCC_WARN_ABOUT_RETURN_TYPE = YES_ERROR;
				GCC_WARN_UNDECLARED_SELECTOR = YES;
				GCC_WARN_UNINITIALIZED_AUTOS = YES_AGGRESSIVE;
				GCC_WARN_UNUSED_FUNCTION = YES;
				GCC_WARN_UNUSED_VARIABLE = YES;
				IPHONEOS_DEPLOYMENT_TARGET = 12.1;
				MTL_ENABLE_DEBUG_INFO = NO;
				MTL_FAST_MATH = YES;
				SDKROOT = iphoneos;
				SWIFT_COMPILATION_MODE = wholemodule;
				SWIFT_OPTIMIZATION_LEVEL = "-O";
				VALIDATE_PRODUCT = YES;
			};
			name = Release;
		};
		B7E3356221F66AEE003736BA /* Debug */ = {
			isa = XCBuildConfiguration;
			baseConfigurationReference = 3340BF02C5A84C4DD69C8574 /* Pods-Photorama.debug.xcconfig */;
			buildSettings = {
				ARCHS = "$(ARCHS_STANDARD)";
				ASSETCATALOG_COMPILER_APPICON_NAME = AppIcon;
				CODE_SIGN_STYLE = Automatic;
				DEVELOPMENT_TEAM = 6GDW23S6SR;
				INFOPLIST_FILE = Photorama/Info.plist;
				LD_RUNPATH_SEARCH_PATHS = (
					"$(inherited)",
					"@executable_path/Frameworks",
				);
				PRODUCT_BUNDLE_IDENTIFIER = com.seannajera.Photorama;
				PRODUCT_NAME = "$(TARGET_NAME)";
				SWIFT_VERSION = 5.0;
				TARGETED_DEVICE_FAMILY = "1,2";
				VALID_ARCHS = "arm64 arm64e armv7 armv7s";
			};
			name = Debug;
		};
		B7E3356321F66AEE003736BA /* Release */ = {
			isa = XCBuildConfiguration;
			baseConfigurationReference = CB2541E298B2F8102195BD8E /* Pods-Photorama.release.xcconfig */;
			buildSettings = {
				ARCHS = "$(ARCHS_STANDARD)";
				ASSETCATALOG_COMPILER_APPICON_NAME = AppIcon;
				CODE_SIGN_STYLE = Automatic;
				DEVELOPMENT_TEAM = 6GDW23S6SR;
				INFOPLIST_FILE = Photorama/Info.plist;
				LD_RUNPATH_SEARCH_PATHS = (
					"$(inherited)",
					"@executable_path/Frameworks",
				);
				PRODUCT_BUNDLE_IDENTIFIER = com.seannajera.Photorama;
				PRODUCT_NAME = "$(TARGET_NAME)";
				SWIFT_VERSION = 5.0;
				TARGETED_DEVICE_FAMILY = "1,2";
				VALID_ARCHS = "arm64 arm64e armv7 armv7s";
			};
			name = Release;
		};
		B7E3356521F66AEE003736BA /* Debug */ = {
			isa = XCBuildConfiguration;
			baseConfigurationReference = 86F4599CB78EDFF0BAAD0D0D /* Pods-PhotoramaTests.debug.xcconfig */;
			buildSettings = {
				ALWAYS_EMBED_SWIFT_STANDARD_LIBRARIES = YES;
				ARCHS = "$(ARCHS_STANDARD)";
				BUNDLE_LOADER = "$(TEST_HOST)";
				CODE_SIGN_STYLE = Automatic;
				DEVELOPMENT_TEAM = 6GDW23S6SR;
				INFOPLIST_FILE = PhotoramaTests/Info.plist;
				LD_RUNPATH_SEARCH_PATHS = (
					"$(inherited)",
					"@executable_path/Frameworks",
					"@loader_path/Frameworks",
				);
				PRODUCT_BUNDLE_IDENTIFIER = com.seannajera.PhotoramaTests;
				PRODUCT_NAME = "$(TARGET_NAME)";
				SWIFT_VERSION = 5.0;
				TARGETED_DEVICE_FAMILY = "1,2";
				TEST_HOST = "$(BUILT_PRODUCTS_DIR)/Photorama.app/Photorama";
				VALID_ARCHS = "arm64 arm64e armv7 armv7s";
			};
			name = Debug;
		};
		B7E3356621F66AEE003736BA /* Release */ = {
			isa = XCBuildConfiguration;
			baseConfigurationReference = 98B4C589BD2203AF83F9066B /* Pods-PhotoramaTests.release.xcconfig */;
			buildSettings = {
				ALWAYS_EMBED_SWIFT_STANDARD_LIBRARIES = YES;
				ARCHS = "$(ARCHS_STANDARD)";
				BUNDLE_LOADER = "$(TEST_HOST)";
				CODE_SIGN_STYLE = Automatic;
				DEVELOPMENT_TEAM = 6GDW23S6SR;
				INFOPLIST_FILE = PhotoramaTests/Info.plist;
				LD_RUNPATH_SEARCH_PATHS = (
					"$(inherited)",
					"@executable_path/Frameworks",
					"@loader_path/Frameworks",
				);
				PRODUCT_BUNDLE_IDENTIFIER = com.seannajera.PhotoramaTests;
				PRODUCT_NAME = "$(TARGET_NAME)";
				SWIFT_VERSION = 5.0;
				TARGETED_DEVICE_FAMILY = "1,2";
				TEST_HOST = "$(BUILT_PRODUCTS_DIR)/Photorama.app/Photorama";
				VALID_ARCHS = "arm64 arm64e armv7 armv7s";
			};
			name = Release;
		};
/* End XCBuildConfiguration section */

/* Begin XCConfigurationList section */
		B7E3353421F66AEC003736BA /* Build configuration list for PBXProject "Photorama" */ = {
			isa = XCConfigurationList;
			buildConfigurations = (
				B7E3355F21F66AEE003736BA /* Debug */,
				B7E3356021F66AEE003736BA /* Release */,
			);
			defaultConfigurationIsVisible = 0;
			defaultConfigurationName = Release;
		};
		B7E3356121F66AEE003736BA /* Build configuration list for PBXNativeTarget "Photorama" */ = {
			isa = XCConfigurationList;
			buildConfigurations = (
				B7E3356221F66AEE003736BA /* Debug */,
				B7E3356321F66AEE003736BA /* Release */,
			);
			defaultConfigurationIsVisible = 0;
			defaultConfigurationName = Release;
		};
		B7E3356421F66AEE003736BA /* Build configuration list for PBXNativeTarget "PhotoramaTests" */ = {
			isa = XCConfigurationList;
			buildConfigurations = (
				B7E3356521F66AEE003736BA /* Debug */,
				B7E3356621F66AEE003736BA /* Release */,
			);
			defaultConfigurationIsVisible = 0;
			defaultConfigurationName = Release;
		};
/* End XCConfigurationList section */

/* Begin XCVersionGroup section */
		B797C66721F93CB50058B165 /* Photorama.xcdatamodeld */ = {
			isa = XCVersionGroup;
			children = (
				B797C66821F93CB50058B165 /* Photorama.xcdatamodel */,
			);
			currentVersion = B797C66821F93CB50058B165 /* Photorama.xcdatamodel */;
			path = Photorama.xcdatamodeld;
			sourceTree = "<group>";
			versionGroupType = wrapper.xcdatamodel;
		};
/* End XCVersionGroup section */
	};
	rootObject = B7E3353121F66AEC003736BA /* Project object */;
}
